<?xml version="1.0" encoding="utf-8"?>
<Project ToolsVersion="4.0" xmlns="http://schemas.microsoft.com/developer/msbuild/2003">
  <ItemGroup>
    <Filter Include="소스 파일">
      <UniqueIdentifier>{4FC737F1-C7A5-4376-A066-2A32D752A2FF}</UniqueIdentifier>
      <Extensions>cpp;c;cc;cxx;def;odl;idl;hpj;bat;asm;asmx</Extensions>
    </Filter>
    <Filter Include="헤더 파일">
      <UniqueIdentifier>{93995380-89BD-4b04-88EB-625FBE52EBFB}</UniqueIdentifier>
      <Extensions>h;hh;hpp;hxx;hm;inl;inc;xsd</Extensions>
    </Filter>
    <Filter Include="리소스 파일">
      <UniqueIdentifier>{67DA6AB6-F800-4c08-8B7A-83BB121AAD01}</UniqueIdentifier>
      <Extensions>rc;ico;cur;bmp;dlg;rc2;rct;bin;rgs;gif;jpg;jpeg;jpe;resx;tiff;tif;png;wav;mfcribbon-ms</Extensions>
    </Filter>
    <Filter Include="Framework">
      <UniqueIdentifier>{a8207100-b6ad-47ca-99c4-1fce9228b35c}</UniqueIdentifier>
    </Filter>
    <Filter Include="GameTimer">
      <UniqueIdentifier>{c50b6e4e-3113-4023-a4e7-a69a0914ace1}</UniqueIdentifier>
    </Filter>
    <Filter Include="Scene">
      <UniqueIdentifier>{7f2b1b77-a765-42e8-9798-136ffd7ac603}</UniqueIdentifier>
    </Filter>
    <Filter Include="PreCompiled">
      <UniqueIdentifier>{adb2e332-897e-4608-b6e9-147b2f77faff}</UniqueIdentifier>
    </Filter>
    <Filter Include="Renderer">
      <UniqueIdentifier>{e7b1c486-4264-4b7a-bf2e-90b1f9116984}</UniqueIdentifier>
    </Filter>
    <Filter Include="Scene\Title">
      <UniqueIdentifier>{8712e128-4058-4a86-9d8e-39b9548214d1}</UniqueIdentifier>
    </Filter>
    <Filter Include="Scene\Main">
      <UniqueIdentifier>{b541843a-dc3a-4003-9ed9-91381fe4369e}</UniqueIdentifier>
    </Filter>
    <Filter Include="GameObject">
      <UniqueIdentifier>{3bc045fc-3334-4fd5-bbb1-0143244f5466}</UniqueIdentifier>
    </Filter>
    <Filter Include="GameObject\BindingBox">
      <UniqueIdentifier>{ba37c289-8266-46d4-9950-fa5a8534ea14}</UniqueIdentifier>
    </Filter>
    <Filter Include="GameObject\BuildingObject">
      <UniqueIdentifier>{835058c1-46b0-4b99-9fe2-166db439f5bc}</UniqueIdentifier>
    </Filter>
    <Filter Include="GameObject\CharactorObject">
      <UniqueIdentifier>{8cad1e5d-0ced-424b-a2dd-a32472bab78e}</UniqueIdentifier>
    </Filter>
    <Filter Include="LoadPng">
      <UniqueIdentifier>{25512a72-4b65-4e23-a1aa-e78b0dd51220}</UniqueIdentifier>
    </Filter>
    <Filter Include="GameObject\ArrowObject">
      <UniqueIdentifier>{391497e0-501a-47db-9b4e-675485c88fd4}</UniqueIdentifier>
    </Filter>
    <Filter Include="GameObject\BulletObject">
      <UniqueIdentifier>{07acbecb-40c9-402c-974e-e1f11876729f}</UniqueIdentifier>
    </Filter>
    <Filter Include="Sound">
      <UniqueIdentifier>{fdc5ce89-9ec1-4bb4-828f-847c86896112}</UniqueIdentifier>
    </Filter>
    <Filter Include="Sound\SoundManager">
      <UniqueIdentifier>{879b11aa-5a45-4214-80bb-c8403bf81339}</UniqueIdentifier>
    </Filter>
  </ItemGroup>
  <ItemGroup>
    <Text Include="ReadMe.txt" />
  </ItemGroup>
  <ItemGroup>
    <ClInclude Include="targetver.h">
      <Filter>헤더 파일</Filter>
    </ClInclude>
    <ClInclude Include="Framework.h">
      <Filter>Framework</Filter>
    </ClInclude>
    <ClInclude Include="GameTimer.h">
      <Filter>GameTimer</Filter>
    </ClInclude>
    <ClInclude Include="stdafx.h">
      <Filter>PreCompiled</Filter>
    </ClInclude>
    <ClInclude Include="Scene.h">
      <Filter>Scene</Filter>
    </ClInclude>
    <ClInclude Include="TitleScene.h">
      <Filter>Scene\Title</Filter>
    </ClInclude>
    <ClInclude Include="MainScene.h">
      <Filter>Scene\Main</Filter>
    </ClInclude>
    <ClInclude Include="GameObject.h">
      <Filter>GameObject</Filter>
    </ClInclude>
    <ClInclude Include="Vector.h">
      <Filter>헤더 파일</Filter>
    </ClInclude>
    <ClInclude Include="BindingBox.h">
      <Filter>GameObject\BindingBox</Filter>
    </ClInclude>
    <ClInclude Include="BuildingObject.h">
      <Filter>GameObject\BuildingObject</Filter>
    </ClInclude>
    <ClInclude Include="CharactorObject.h">
      <Filter>GameObject\CharactorObject</Filter>
    </ClInclude>
    <ClInclude Include="Renderer.h">
      <Filter>Renderer</Filter>
    </ClInclude>
    <ClInclude Include="LoadPng.h">
      <Filter>LoadPng</Filter>
    </ClInclude>
    <ClInclude Include="ArrowObject.h">
      <Filter>GameObject\ArrowObject</Filter>
    </ClInclude>
    <ClInclude Include="BulletObject.h">
      <Filter>GameObject\BulletObject</Filter>
    </ClInclude>
    <ClInclude Include="Sound.h">
      <Filter>Sound</Filter>
    </ClInclude>
    <ClInclude Include="SoundManager.h">
      <Filter>Sound\SoundManager</Filter>
    </ClInclude>
  </ItemGroup>
  <ItemGroup>
    <ClCompile Include="SimpleGame.cpp">
      <Filter>소스 파일</Filter>
    </ClCompile>
    <ClCompile Include="Framework.cpp">
      <Filter>Framework</Filter>
    </ClCompile>
    <ClCompile Include="GameTimer.cpp">
      <Filter>GameTimer</Filter>
    </ClCompile>
    <ClCompile Include="stdafx.cpp">
      <Filter>PreCompiled</Filter>
    </ClCompile>
    <ClCompile Include="Scene.cpp">
      <Filter>Scene</Filter>
    </ClCompile>
    <ClCompile Include="TitleScene.cpp">
      <Filter>Scene\Title</Filter>
    </ClCompile>
    <ClCompile Include="MainScene.cpp">
      <Filter>Scene\Main</Filter>
    </ClCompile>
    <ClCompile Include="GameObject.cpp">
      <Filter>GameObject</Filter>
    </ClCompile>
    <ClCompile Include="BindingBox.cpp">
      <Filter>GameObject\BindingBox</Filter>
    </ClCompile>
    <ClCompile Include="BuildingObject.cpp">
      <Filter>GameObject\BuildingObject</Filter>
    </ClCompile>
    <ClCompile Include="CharactorObject.cpp">
      <Filter>GameObject\CharactorObject</Filter>
    </ClCompile>
    <ClCompile Include="Renderer.cpp">
      <Filter>Renderer</Filter>
    </ClCompile>
    <ClCompile Include="LoadPng.cpp">
      <Filter>LoadPng</Filter>
    </ClCompile>
    <ClCompile Include="ArrowObject.cpp">
      <Filter>GameObject\ArrowObject</Filter>
    </ClCompile>
    <ClCompile Include="BulletObject.cpp">
      <Filter>GameObject\BulletObject</Filter>
    </ClCompile>
    <ClCompile Include="Sound.cpp">
      <Filter>Sound</Filter>
    </ClCompile>
    <ClCompile Include="SoundManager.cpp">
      <Filter>Sound\SoundManager</Filter>
    </ClCompile>
  </ItemGroup>
</Project>